<?xml version="1.0" encoding="utf-8"?>
<Project ToolsVersion="4.0" xmlns="http://schemas.microsoft.com/developer/msbuild/2003">
  <ItemGroup>
    <Filter Include="Archivos de código fuente">
      <UniqueIdentifier>{4FC737F1-C7A5-4376-A066-2A32D752A2FF}</UniqueIdentifier>
      <Extensions>cpp;c;cc;cxx;def;odl;idl;hpj;bat;asm;asmx</Extensions>
    </Filter>
    <Filter Include="Archivos de encabezado">
      <UniqueIdentifier>{93995380-89BD-4b04-88EB-625FBE52EBFB}</UniqueIdentifier>
      <Extensions>h;hh;hpp;hxx;hm;inl;inc;xsd</Extensions>
    </Filter>
    <Filter Include="Archivos de recursos">
      <UniqueIdentifier>{67DA6AB6-F800-4c08-8B7A-83BB121AAD01}</UniqueIdentifier>
      <Extensions>rc;ico;cur;bmp;dlg;rc2;rct;bin;rgs;gif;jpg;jpeg;jpe;resx;tiff;tif;png;wav;mfcribbon-ms</Extensions>
    </Filter>
    <Filter Include="Archivos de código fuente\Situaciones">
      <UniqueIdentifier>{da1cd295-e1dc-4b0e-a2e6-6bc297aac0ef}</UniqueIdentifier>
    </Filter>
    <Filter Include="Archivos de código fuente\Acciones">
      <UniqueIdentifier>{204c3705-2ed7-48bc-9212-d69788c3e3dc}</UniqueIdentifier>
    </Filter>
    <Filter Include="Archivos de encabezado\Acciones">
      <UniqueIdentifier>{b9d1edc4-20ef-4101-a76b-0c5c36bd8921}</UniqueIdentifier>
    </Filter>
    <Filter Include="Archivos de código fuente\Predicados">
      <UniqueIdentifier>{0fcb62ac-fa25-4fda-9857-f9047dd77031}</UniqueIdentifier>
    </Filter>
    <Filter Include="Archivos de encabezado\Predicados">
      <UniqueIdentifier>{20a3beaf-c7eb-4532-a149-8f03bf0459bd}</UniqueIdentifier>
    </Filter>
  </ItemGroup>
  <ItemGroup>
    <Text Include="ReadMe.txt" />
  </ItemGroup>
  <ItemGroup>
    <ClInclude Include="stdafx.h">
      <Filter>Archivos de encabezado</Filter>
    </ClInclude>
    <ClInclude Include="targetver.h">
      <Filter>Archivos de encabezado</Filter>
    </ClInclude>
    <ClInclude Include="Consola.h">
      <Filter>Archivos de encabezado</Filter>
    </ClInclude>
    <ClInclude Include="Mundo.h">
      <Filter>Archivos de encabezado</Filter>
    </ClInclude>
    <ClInclude Include="Situacion.h">
      <Filter>Archivos de encabezado</Filter>
    </ClInclude>
    <ClInclude Include="Opcion.h">
      <Filter>Archivos de encabezado</Filter>
    </ClInclude>
    <ClInclude Include="Util.h">
      <Filter>Archivos de encabezado</Filter>
    </ClInclude>
    <ClInclude Include="Juego.h">
      <Filter>Archivos de encabezado</Filter>
    </ClInclude>
    <ClInclude Include="Accion.h">
      <Filter>Archivos de encabezado</Filter>
    </ClInclude>
    <ClInclude Include="AccionAbrir.h">
      <Filter>Archivos de encabezado\Acciones</Filter>
    </ClInclude>
    <ClInclude Include="AccionMoverse.h">
      <Filter>Archivos de encabezado\Acciones</Filter>
    </ClInclude>
    <ClInclude Include="AccionFlag.h">
      <Filter>Archivos de encabezado\Acciones</Filter>
    </ClInclude>
    <ClInclude Include="AccionCondicional.h">
      <Filter>Archivos de encabezado\Acciones</Filter>
    </ClInclude>
    <ClInclude Include="Predicado.h">
      <Filter>Archivos de encabezado</Filter>
    </ClInclude>
    <ClInclude Include="PredicadoObjetivo.h">
      <Filter>Archivos de encabezado\Predicados</Filter>
    </ClInclude>
  </ItemGroup>
  <ItemGroup>
    <ClCompile Include="stdafx.cpp">
      <Filter>Archivos de código fuente</Filter>
    </ClCompile>
    <ClCompile Include="Zork.cpp">
      <Filter>Archivos de código fuente</Filter>
    </ClCompile>
    <ClCompile Include="Consola.cpp">
      <Filter>Archivos de código fuente</Filter>
    </ClCompile>
    <ClCompile Include="Mundo.cpp">
      <Filter>Archivos de código fuente</Filter>
    </ClCompile>
    <ClCompile Include="Situacion.cpp">
      <Filter>Archivos de código fuente</Filter>
    </ClCompile>
    <ClCompile Include="Opcion.cpp">
      <Filter>Archivos de código fuente</Filter>
    </ClCompile>
    <ClCompile Include="Util.cpp">
      <Filter>Archivos de código fuente</Filter>
    </ClCompile>
    <ClCompile Include="Juego.cpp">
      <Filter>Archivos de código fuente</Filter>
    </ClCompile>
    <ClCompile Include="SituacionInicial.cpp">
      <Filter>Archivos de código fuente\Situaciones</Filter>
    </ClCompile>
    <ClCompile Include="I_norte_bandidos.cpp">
      <Filter>Archivos de código fuente\Situaciones</Filter>
    </ClCompile>
    <ClCompile Include="AccionAbrir.cpp">
      <Filter>Archivos de código fuente\Acciones</Filter>
    </ClCompile>
    <ClCompile Include="AccionMoverse.cpp">
      <Filter>Archivos de código fuente\Acciones</Filter>
    </ClCompile>
    <ClCompile Include="AccionFlag.cpp">
      <Filter>Archivos de código fuente\Acciones</Filter>
    </ClCompile>
    <ClCompile Include="AccionCondicional.cpp">
      <Filter>Archivos de código fuente\Acciones</Filter>
    </ClCompile>
    <ClCompile Include="PredicadoObjetivo.cpp">
      <Filter>Archivos de código fuente\Predicados</Filter>
    </ClCompile>
  </ItemGroup>
</Project>